// !$*UTF8*$!
{
	archiveVersion = 1;
	classes = {
	};
	objectVersion = 48;
	objects = {

/* Begin PBXBuildFile section */
		F3A974F11FE1194C00C8E0F9 /* AppDelegate.swift in Sources */ = {isa = PBXBuildFile; fileRef = F3A974F01FE1194C00C8E0F9 /* AppDelegate.swift */; };
		F3A974F31FE1194C00C8E0F9 /* ViewController.swift in Sources */ = {isa = PBXBuildFile; fileRef = F3A974F21FE1194C00C8E0F9 /* ViewController.swift */; };
		F3A974F61FE1194C00C8E0F9 /* Main.storyboard in Resources */ = {isa = PBXBuildFile; fileRef = F3A974F41FE1194C00C8E0F9 /* Main.storyboard */; };
		F3A974F81FE1194C00C8E0F9 /* Assets.xcassets in Resources */ = {isa = PBXBuildFile; fileRef = F3A974F71FE1194C00C8E0F9 /* Assets.xcassets */; };
		F3A975061FE1194C00C8E0F9 /* trafficLightsv2Tests.swift in Sources */ = {isa = PBXBuildFile; fileRef = F3A975051FE1194C00C8E0F9 /* trafficLightsv2Tests.swift */; };
		F3A975111FE1194C00C8E0F9 /* trafficLightsv2UITests.swift in Sources */ = {isa = PBXBuildFile; fileRef = F3A975101FE1194C00C8E0F9 /* trafficLightsv2UITests.swift */; };
/* End PBXBuildFile section */

/* Begin PBXContainerItemProxy section */
		F3A975021FE1194C00C8E0F9 /* PBXContainerItemProxy */ = {
			isa = PBXContainerItemProxy;
			containerPortal = F3A974E51FE1194C00C8E0F9 /* Project object */;
			proxyType = 1;
			remoteGlobalIDString = F3A974EC1FE1194C00C8E0F9;
			remoteInfo = trafficLightsv2;
		};
		F3A9750D1FE1194C00C8E0F9 /* PBXContainerItemProxy */ = {
			isa = PBXContainerItemProxy;
			containerPortal = F3A974E51FE1194C00C8E0F9 /* Project object */;
			proxyType = 1;
			remoteGlobalIDString = F3A974EC1FE1194C00C8E0F9;
			remoteInfo = trafficLightsv2;
		};
/* End PBXContainerItemProxy section */

/* Begin PBXFileReference section */
		F3A974ED1FE1194C00C8E0F9 /* trafficLightsv2.app */ = {isa = PBXFileReference; explicitFileType = wrapper.application; includeInIndex = 0; path = trafficLightsv2.app; sourceTree = BUILT_PRODUCTS_DIR; };
		F3A974F01FE1194C00C8E0F9 /* AppDelegate.swift */ = {isa = PBXFileReference; lastKnownFileType = sourcecode.swift; path = AppDelegate.swift; sourceTree = "<group>"; };
		F3A974F21FE1194C00C8E0F9 /* ViewController.swift */ = {isa = PBXFileReference; lastKnownFileType = sourcecode.swift; path = ViewController.swift; sourceTree = "<group>"; };
		F3A974F51FE1194C00C8E0F9 /* Base */ = {isa = PBXFileReference; lastKnownFileType = file.storyboard; name = Base; path = Base.lproj/Main.storyboard; sourceTree = "<group>"; };
		F3A974F71FE1194C00C8E0F9 /* Assets.xcassets */ = {isa = PBXFileReference; lastKnownFileType = folder.assetcatalog; path = Assets.xcassets; sourceTree = "<group>"; };
		F3A974FC1FE1194C00C8E0F9 /* Info.plist */ = {isa = PBXFileReference; lastKnownFileType = text.plist.xml; path = Info.plist; sourceTree = "<group>"; };
		F3A975011FE1194C00C8E0F9 /* trafficLightsv2Tests.xctest */ = {isa = PBXFileReference; explicitFileType = wrapper.cfbundle; includeInIndex = 0; path = trafficLightsv2Tests.xctest; sourceTree = BUILT_PRODUCTS_DIR; };
		F3A975051FE1194C00C8E0F9 /* trafficLightsv2Tests.swift */ = {isa = PBXFileReference; lastKnownFileType = sourcecode.swift; path = trafficLightsv2Tests.swift; sourceTree = "<group>"; };
		F3A975071FE1194C00C8E0F9 /* Info.plist */ = {isa = PBXFileReference; lastKnownFileType = text.plist.xml; path = Info.plist; sourceTree = "<group>"; };
		F3A9750C1FE1194C00C8E0F9 /* trafficLightsv2UITests.xctest */ = {isa = PBXFileReference; explicitFileType = wrapper.cfbundle; includeInIndex = 0; path = trafficLightsv2UITests.xctest; sourceTree = BUILT_PRODUCTS_DIR; };
		F3A975101FE1194C00C8E0F9 /* trafficLightsv2UITests.swift */ = {isa = PBXFileReference; lastKnownFileType = sourcecode.swift; path = trafficLightsv2UITests.swift; sourceTree = "<group>"; };
		F3A975121FE1194C00C8E0F9 /* Info.plist */ = {isa = PBXFileReference; lastKnownFileType = text.plist.xml; path = Info.plist; sourceTree = "<group>"; };
/* End PBXFileReference section */

/* Begin PBXFrameworksBuildPhase section */
		F3A974EA1FE1194C00C8E0F9 /* Frameworks */ = {
			isa = PBXFrameworksBuildPhase;
			buildActionMask = 2147483647;
			files = (
			);
			runOnlyForDeploymentPostprocessing = 0;
		};
		F3A974FE1FE1194C00C8E0F9 /* Frameworks */ = {
			isa = PBXFrameworksBuildPhase;
			buildActionMask = 2147483647;
			files = (
			);
			runOnlyForDeploymentPostprocessing = 0;
		};
		F3A975091FE1194C00C8E0F9 /* Frameworks */ = {
			isa = PBXFrameworksBuildPhase;
			buildActionMask = 2147483647;
			files = (
			);
			runOnlyForDeploymentPostprocessing = 0;
		};
/* End PBXFrameworksBuildPhase section */

/* Begin PBXGroup section */
		F3A974E41FE1194C00C8E0F9 = {
			isa = PBXGroup;
			children = (
				F3A974EF1FE1194C00C8E0F9 /* trafficLightsv2 */,
				F3A975041FE1194C00C8E0F9 /* trafficLightsv2Tests */,
				F3A9750F1FE1194C00C8E0F9 /* trafficLightsv2UITests */,
				F3A974EE1FE1194C00C8E0F9 /* Products */,
			);
			sourceTree = "<group>";
		};
		F3A974EE1FE1194C00C8E0F9 /* Products */ = {
			isa = PBXGroup;
			children = (
				F3A974ED1FE1194C00C8E0F9 /* trafficLightsv2.app */,
				F3A975011FE1194C00C8E0F9 /* trafficLightsv2Tests.xctest */,
				F3A9750C1FE1194C00C8E0F9 /* trafficLightsv2UITests.xctest */,
			);
			name = Products;
			sourceTree = "<group>";
		};
		F3A974EF1FE1194C00C8E0F9 /* trafficLightsv2 */ = {
			isa = PBXGroup;
			children = (
				F3A974F01FE1194C00C8E0F9 /* AppDelegate.swift */,
				F3A974F21FE1194C00C8E0F9 /* ViewController.swift */,
				F3A974F41FE1194C00C8E0F9 /* Main.storyboard */,
				F3A974F71FE1194C00C8E0F9 /* Assets.xcassets */,
				F3A974FC1FE1194C00C8E0F9 /* Info.plist */,
			);
			path = trafficLightsv2;
			sourceTree = "<group>";
		};
		F3A975041FE1194C00C8E0F9 /* trafficLightsv2Tests */ = {
			isa = PBXGroup;
			children = (
				F3A975051FE1194C00C8E0F9 /* trafficLightsv2Tests.swift */,
				F3A975071FE1194C00C8E0F9 /* Info.plist */,
			);
			path = trafficLightsv2Tests;
			sourceTree = "<group>";
		};
		F3A9750F1FE1194C00C8E0F9 /* trafficLightsv2UITests */ = {
			isa = PBXGroup;
			children = (
				F3A975101FE1194C00C8E0F9 /* trafficLightsv2UITests.swift */,
				F3A975121FE1194C00C8E0F9 /* Info.plist */,
			);
			path = trafficLightsv2UITests;
			sourceTree = "<group>";
		};
/* End PBXGroup section */

/* Begin PBXNativeTarget section */
		F3A974EC1FE1194C00C8E0F9 /* trafficLightsv2 */ = {
			isa = PBXNativeTarget;
			buildConfigurationList = F3A975151FE1194D00C8E0F9 /* Build configuration list for PBXNativeTarget "trafficLightsv2" */;
			buildPhases = (
				F3A974E91FE1194C00C8E0F9 /* Sources */,
				F3A974EA1FE1194C00C8E0F9 /* Frameworks */,
				F3A974EB1FE1194C00C8E0F9 /* Resources */,
			);
			buildRules = (
			);
			dependencies = (
			);
			name = trafficLightsv2;
			productName = trafficLightsv2;
			productReference = F3A974ED1FE1194C00C8E0F9 /* trafficLightsv2.app */;
			productType = "com.apple.product-type.application";
		};
		F3A975001FE1194C00C8E0F9 /* trafficLightsv2Tests */ = {
			isa = PBXNativeTarget;
			buildConfigurationList = F3A975181FE1194D00C8E0F9 /* Build configuration list for PBXNativeTarget "trafficLightsv2Tests" */;
			buildPhases = (
				F3A974FD1FE1194C00C8E0F9 /* Sources */,
				F3A974FE1FE1194C00C8E0F9 /* Frameworks */,
				F3A974FF1FE1194C00C8E0F9 /* Resources */,
			);
			buildRules = (
			);
			dependencies = (
				F3A975031FE1194C00C8E0F9 /* PBXTargetDependency */,
			);
			name = trafficLightsv2Tests;
			productName = trafficLightsv2Tests;
			productReference = F3A975011FE1194C00C8E0F9 /* trafficLightsv2Tests.xctest */;
			productType = "com.apple.product-type.bundle.unit-test";
		};
		F3A9750B1FE1194C00C8E0F9 /* trafficLightsv2UITests */ = {
			isa = PBXNativeTarget;
			buildConfigurationList = F3A9751B1FE1194D00C8E0F9 /* Build configuration list for PBXNativeTarget "trafficLightsv2UITests" */;
			buildPhases = (
				F3A975081FE1194C00C8E0F9 /* Sources */,
				F3A975091FE1194C00C8E0F9 /* Frameworks */,
				F3A9750A1FE1194C00C8E0F9 /* Resources */,
			);
			buildRules = (
			);
			dependencies = (
				F3A9750E1FE1194C00C8E0F9 /* PBXTargetDependency */,
			);
			name = trafficLightsv2UITests;
			productName = trafficLightsv2UITests;
			productReference = F3A9750C1FE1194C00C8E0F9 /* trafficLightsv2UITests.xctest */;
			productType = "com.apple.product-type.bundle.ui-testing";
		};
/* End PBXNativeTarget section */

/* Begin PBXProject section */
		F3A974E51FE1194C00C8E0F9 /* Project object */ = {
			isa = PBXProject;
			attributes = {
				LastSwiftUpdateCheck = 0920;
				LastUpgradeCheck = 1010;
				ORGANIZATIONNAME = "John Gibson";
				TargetAttributes = {
					F3A974EC1FE1194C00C8E0F9 = {
						CreatedOnToolsVersion = 9.2;
						LastSwiftMigration = 1020;
						ProvisioningStyle = Automatic;
					};
					F3A975001FE1194C00C8E0F9 = {
						CreatedOnToolsVersion = 9.2;
						LastSwiftMigration = 1020;
						ProvisioningStyle = Automatic;
						TestTargetID = F3A974EC1FE1194C00C8E0F9;
					};
					F3A9750B1FE1194C00C8E0F9 = {
						CreatedOnToolsVersion = 9.2;
						LastSwiftMigration = 1020;
						ProvisioningStyle = Automatic;
						TestTargetID = F3A974EC1FE1194C00C8E0F9;
					};
				};
			};
			buildConfigurationList = F3A974E81FE1194C00C8E0F9 /* Build configuration list for PBXProject "trafficLightsv2" */;
			compatibilityVersion = "Xcode 8.0";
			developmentRegion = en;
			hasScannedForEncodings = 0;
			knownRegions = (
				en,
				Base,
			);
			mainGroup = F3A974E41FE1194C00C8E0F9;
			productRefGroup = F3A974EE1FE1194C00C8E0F9 /* Products */;
			projectDirPath = "";
			projectRoot = "";
			targets = (
				F3A974EC1FE1194C00C8E0F9 /* trafficLightsv2 */,
				F3A975001FE1194C00C8E0F9 /* trafficLightsv2Tests */,
				F3A9750B1FE1194C00C8E0F9 /* trafficLightsv2UITests */,
			);
		};
/* End PBXProject section */

/* Begin PBXResourcesBuildPhase section */
		F3A974EB1FE1194C00C8E0F9 /* Resources */ = {
			isa = PBXResourcesBuildPhase;
			buildActionMask = 2147483647;
			files = (
				F3A974F81FE1194C00C8E0F9 /* Assets.xcassets in Resources */,
				F3A974F61FE1194C00C8E0F9 /* Main.storyboard in Resources */,
			);
			runOnlyForDeploymentPostprocessing = 0;
		};
		F3A974FF1FE1194C00C8E0F9 /* Resources */ = {
			isa = PBXResourcesBuildPhase;
			buildActionMask = 2147483647;
			files = (
			);
			runOnlyForDeploymentPostprocessing = 0;
		};
		F3A9750A1FE1194C00C8E0F9 /* Resources */ = {
			isa = PBXResourcesBuildPhase;
			buildActionMask = 2147483647;
			files = (
			);
			runOnlyForDeploymentPostprocessing = 0;
		};
/* End PBXResourcesBuildPhase section */

/* Begin PBXSourcesBuildPhase section */
		F3A974E91FE1194C00C8E0F9 /* Sources */ = {
			isa = PBXSourcesBuildPhase;
			buildActionMask = 2147483647;
			files = (
				F3A974F31FE1194C00C8E0F9 /* ViewController.swift in Sources */,
				F3A974F11FE1194C00C8E0F9 /* AppDelegate.swift in Sources */,
			);
			runOnlyForDeploymentPostprocessing = 0;
		};
		F3A974FD1FE1194C00C8E0F9 /* Sources */ = {
			isa = PBXSourcesBuildPhase;
			buildActionMask = 2147483647;
			files = (
				F3A975061FE1194C00C8E0F9 /* trafficLightsv2Tests.swift in Sources */,
			);
			runOnlyForDeploymentPostprocessing = 0;
		};
		F3A975081FE1194C00C8E0F9 /* Sources */ = {
			isa = PBXSourcesBuildPhase;
			buildActionMask = 2147483647;
			files = (
				F3A975111FE1194C00C8E0F9 /* trafficLightsv2UITests.swift in Sources */,
			);
			runOnlyForDeploymentPostprocessing = 0;
		};
/* End PBXSourcesBuildPhase section */

/* Begin PBXTargetDependency section */
		F3A975031FE1194C00C8E0F9 /* PBXTargetDependency */ = {
			isa = PBXTargetDependency;
			target = F3A974EC1FE1194C00C8E0F9 /* trafficLightsv2 */;
			targetProxy = F3A975021FE1194C00C8E0F9 /* PBXContainerItemProxy */;
		};
		F3A9750E1FE1194C00C8E0F9 /* PBXTargetDependency */ = {
			isa = PBXTargetDependency;
			target = F3A974EC1FE1194C00C8E0F9 /* trafficLightsv2 */;
			targetProxy = F3A9750D1FE1194C00C8E0F9 /* PBXContainerItemProxy */;
		};
/* End PBXTargetDependency section */

/* Begin PBXVariantGroup section */
		F3A974F41FE1194C00C8E0F9 /* Main.storyboard */ = {
			isa = PBXVariantGroup;
			children = (
				F3A974F51FE1194C00C8E0F9 /* Base */,
			);
			name = Main.storyboard;
			sourceTree = "<group>";
		};
/* End PBXVariantGroup section */

/* Begin XCBuildConfiguration section */
		F3A975131FE1194C00C8E0F9 /* Debug */ = {
			isa = XCBuildConfiguration;
			buildSettings = {
				ALWAYS_SEARCH_USER_PATHS = NO;
				CLANG_ANALYZER_NONNULL = YES;
				CLANG_ANALYZER_NUMBER_OBJECT_CONVERSION = YES_AGGRESSIVE;
				CLANG_CXX_LANGUAGE_STANDARD = "gnu++14";
				CLANG_CXX_LIBRARY = "libc++";
				CLANG_ENABLE_MODULES = YES;
				CLANG_ENABLE_OBJC_ARC = YES;
				CLANG_WARN_BLOCK_CAPTURE_AUTORELEASING = YES;
				CLANG_WARN_BOOL_CONVERSION = YES;
				CLANG_WARN_COMMA = YES;
				CLANG_WARN_CONSTANT_CONVERSION = YES;
				CLANG_WARN_DEPRECATED_OBJC_IMPLEMENTATIONS = YES;
				CLANG_WARN_DIRECT_OBJC_ISA_USAGE = YES_ERROR;
				CLANG_WARN_DOCUMENTATION_COMMENTS = YES;
				CLANG_WARN_EMPTY_BODY = YES;
				CLANG_WARN_ENUM_CONVERSION = YES;
				CLANG_WARN_INFINITE_RECURSION = YES;
				CLANG_WARN_INT_CONVERSION = YES;
				CLANG_WARN_NON_LITERAL_NULL_CONVERSION = YES;
				CLANG_WARN_OBJC_IMPLICIT_RETAIN_SELF = YES;
				CLANG_WARN_OBJC_LITERAL_CONVERSION = YES;
				CLANG_WARN_OBJC_ROOT_CLASS = YES_ERROR;
				CLANG_WARN_RANGE_LOOP_ANALYSIS = YES;
				CLANG_WARN_STRICT_PROTOTYPES = YES;
				CLANG_WARN_SUSPICIOUS_MOVE = YES;
				CLANG_WARN_UNGUARDED_AVAILABILITY = YES_AGGRESSIVE;
				CLANG_WARN_UNREACHABLE_CODE = YES;
				CLANG_WARN__DUPLICATE_METHOD_MATCH = YES;
				CODE_SIGN_IDENTITY = "iPhone Developer";
				COPY_PHASE_STRIP = NO;
				DEBUG_INFORMATION_FORMAT = dwarf;
				ENABLE_STRICT_OBJC_MSGSEND = YES;
				ENABLE_TESTABILITY = YES;
				GCC_C_LANGUAGE_STANDARD = gnu11;
				GCC_DYNAMIC_NO_PIC = NO;
				GCC_NO_COMMON_BLOCKS = YES;
				GCC_OPTIMIZATION_LEVEL = 0;
				GCC_PREPROCESSOR_DEFINITIONS = (
					"DEBUG=1",
					"$(inherited)",
				);
				GCC_WARN_64_TO_32_BIT_CONVERSION = YES;
				GCC_WARN_ABOUT_RETURN_TYPE = YES_ERROR;
				GCC_WARN_UNDECLARED_SELECTOR = YES;
				GCC_WARN_UNINITIALIZED_AUTOS = YES_AGGRESSIVE;
				GCC_WARN_UNUSED_FUNCTION = YES;
				GCC_WARN_UNUSED_VARIABLE = YES;
				IPHONEOS_DEPLOYMENT_TARGET = 11.2;
				MTL_ENABLE_DEBUG_INFO = YES;
				ONLY_ACTIVE_ARCH = YES;
				SDKROOT = iphoneos;
				SWIFT_ACTIVE_COMPILATION_CONDITIONS = DEBUG;
				SWIFT_OPTIMIZATION_LEVEL = "-Onone";
			};
			name = Debug;
		};
		F3A975141FE1194C00C8E0F9 /* Release */ = {
			isa = XCBuildConfiguration;
			buildSettings = {
				ALWAYS_SEARCH_USER_PATHS = NO;
				CLANG_ANALYZER_NONNULL = YES;
				CLANG_ANALYZER_NUMBER_OBJECT_CONVERSION = YES_AGGRESSIVE;
				CLANG_CXX_LANGUAGE_STANDARD = "gnu++14";
				CLANG_CXX_LIBRARY = "libc++";
				CLANG_ENABLE_MODULES = YES;
				CLANG_ENABLE_OBJC_ARC = YES;
				CLANG_WARN_BLOCK_CAPTURE_AUTORELEASING = YES;
				CLANG_WARN_BOOL_CONVERSION = YES;
				CLANG_WARN_COMMA = YES;
				CLANG_WARN_CONSTANT_CONVERSION = YES;
				CLANG_WARN_DEPRECATED_OBJC_IMPLEMENTATIONS = YES;
				CLANG_WARN_DIRECT_OBJC_ISA_USAGE = YES_ERROR;
				CLANG_WARN_DOCUMENTATION_COMMENTS = YES;
				CLANG_WARN_EMPTY_BODY = YES;
				CLANG_WARN_ENUM_CONVERSION = YES;
				CLANG_WARN_INFINITE_RECURSION = YES;
				CLANG_WARN_INT_CONVERSION = YES;
				CLANG_WARN_NON_LITERAL_NULL_CONVERSION = YES;
				CLANG_WARN_OBJC_IMPLICIT_RETAIN_SELF = YES;
				CLANG_WARN_OBJC_LITERAL_CONVERSION = YES;
				CLANG_WARN_OBJC_ROOT_CLASS = YES_ERROR;
				CLANG_WARN_RANGE_LOOP_ANALYSIS = YES;
				CLANG_WARN_STRICT_PROTOTYPES = YES;
				CLANG_WARN_SUSPICIOUS_MOVE = YES;
				CLANG_WARN_UNGUARDED_AVAILABILITY = YES_AGGRESSIVE;
				CLANG_WARN_UNREACHABLE_CODE = YES;
				CLANG_WARN__DUPLICATE_METHOD_MATCH = YES;
				CODE_SIGN_IDENTITY = "iPhone Developer";
				COPY_PHASE_STRIP = NO;
				DEBUG_INFORMATION_FORMAT = "dwarf-with-dsym";
				ENABLE_NS_ASSERTIONS = NO;
				ENABLE_STRICT_OBJC_MSGSEND = YES;
				GCC_C_LANGUAGE_STANDARD = gnu11;
				GCC_NO_COMMON_BLOCKS = YES;
				GCC_WARN_64_TO_32_BIT_CONVERSION = YES;
				GCC_WARN_ABOUT_RETURN_TYPE = YES_ERROR;
				GCC_WARN_UNDECLARED_SELECTOR = YES;
				GCC_WARN_UNINITIALIZED_AUTOS = YES_AGGRESSIVE;
				GCC_WARN_UNUSED_FUNCTION = YES;
				GCC_WARN_UNUSED_VARIABLE = YES;
				IPHONEOS_DEPLOYMENT_TARGET = 11.2;
				MTL_ENABLE_DEBUG_INFO = NO;
				SDKROOT = iphoneos;
				SWIFT_OPTIMIZATION_LEVEL = "-Owholemodule";
				VALIDATE_PRODUCT = YES;
			};
			name = Release;
		};
		F3A975161FE1194D00C8E0F9 /* Debug */ = {
			isa = XCBuildConfiguration;
			buildSettings = {
				ASSETCATALOG_COMPILER_APPICON_NAME = AppIcon;
				CODE_SIGN_STYLE = Automatic;
				DEVELOPMENT_TEAM = G6QE4Y49BH;
				INFOPLIST_FILE = trafficLightsv2/Info.plist;
				LD_RUNPATH_SEARCH_PATHS = "$(inherited) @executable_path/Frameworks";
				PRODUCT_BUNDLE_IDENTIFIER = JRG.trafficLightsv2;
				PRODUCT_NAME = "$(TARGET_NAME)";
				SWIFT_VERSION = 5.0;
				TARGETED_DEVICE_FAMILY = 1;
			};
			name = Debug;
		};
		F3A975171FE1194D00C8E0F9 /* Release */ = {
			isa = XCBuildConfiguration;
			buildSettings = {
				ASSETCATALOG_COMPILER_APPICON_NAME = AppIcon;
				CODE_SIGN_STYLE = Automatic;
				DEVELOPMENT_TEAM = G6QE4Y49BH;
				INFOPLIST_FILE = trafficLightsv2/Info.plist;
				LD_RUNPATH_SEARCH_PATHS = "$(inherited) @executable_path/Frameworks";
				PRODUCT_BUNDLE_IDENTIFIER = JRG.trafficLightsv2;
				PRODUCT_NAME = "$(TARGET_NAME)";
				SWIFT_VERSION = 5.0;
				TARGETED_DEVICE_FAMILY = 1;
			};
			name = Release;
		};
		F3A975191FE1194D00C8E0F9 /* Debug */ = {
			isa = XCBuildConfiguration;
			buildSettings = {
				ALWAYS_EMBED_SWIFT_STANDARD_LIBRARIES = YES;
				BUNDLE_LOADER = "$(TEST_HOST)";
				CODE_SIGN_STYLE = Automatic;
				DEVELOPMENT_TEAM = G6QE4Y49BH;
				INFOPLIST_FILE = trafficLightsv2Tests/Info.plist;
				LD_RUNPATH_SEARCH_PATHS = "$(inherited) @executable_path/Frameworks @loader_path/Frameworks";
				PRODUCT_BUNDLE_IDENTIFIER = JRG.trafficLightsv2Tests;
				PRODUCT_NAME = "$(TARGET_NAME)";
				SWIFT_VERSION = 5.0;
				TARGETED_DEVICE_FAMILY = "1,2";
				TEST_HOST = "$(BUILT_PRODUCTS_DIR)/trafficLightsv2.app/trafficLightsv2";
			};
			name = Debug;
		};
		F3A9751A1FE1194D00C8E0F9 /* Release */ = {
			isa = XCBuildConfiguration;
			buildSettings = {
				ALWAYS_EMBED_SWIFT_STANDARD_LIBRARIES = YES;
				BUNDLE_LOADER = "$(TEST_HOST)";
				CODE_SIGN_STYLE = Automatic;
				DEVELOPMENT_TEAM = G6QE4Y49BH;
				INFOPLIST_FILE = trafficLightsv2Tests/Info.plist;
				LD_RUNPATH_SEARCH_PATHS = "$(inherited) @executable_path/Frameworks @loader_path/Frameworks";
				PRODUCT_BUNDLE_IDENTIFIER = JRG.trafficLightsv2Tests;
				PRODUCT_NAME = "$(TARGET_NAME)";
				SWIFT_VERSION = 5.0;
				TARGETED_DEVICE_FAMILY = "1,2";
				TEST_HOST = "$(BUILT_PRODUCTS_DIR)/trafficLightsv2.app/trafficLightsv2";
			};
			name = Release;
		};
		F3A9751C1FE1194D00C8E0F9 /* Debug */ = {
			isa = XCBuildConfiguration;
			buildSettings = {
				ALWAYS_EMBED_SWIFT_STANDARD_LIBRARIES = YES;
				CODE_SIGN_STYLE = Automatic;
				DEVELOPMENT_TEAM = G6QE4Y49BH;
				INFOPLIST_FILE = trafficLightsv2UITests/Info.plist;
				LD_RUNPATH_SEARCH_PATHS = "$(inherited) @executable_path/Frameworks @loader_path/Frameworks";
				PRODUCT_BUNDLE_IDENTIFIER = JRG.trafficLightsv2UITests;
				PRODUCT_NAME = "$(TARGET_NAME)";
				SWIFT_VERSION = 5.0;
				TARGETED_DEVICE_FAMILY = "1,2";
				TEST_TARGET_NAME = trafficLightsv2;
			};
			name = Debug;
		};
		F3A9751D1FE1194D00C8E0F9 /* Release */ = {
			isa = XCBuildConfiguration;
			buildSettings = {
				ALWAYS_EMBED_SWIFT_STANDARD_LIBRARIES = YES;
				CODE_SIGN_STYLE = Automatic;
				DEVELOPMENT_TEAM = G6QE4Y49BH;
				INFOPLIST_FILE = trafficLightsv2UITests/Info.plist;
				LD_RUNPATH_SEARCH_PATHS = "$(inherited) @executable_path/Frameworks @loader_path/Frameworks";
				PRODUCT_BUNDLE_IDENTIFIER = JRG.trafficLightsv2UITests;
				PRODUCT_NAME = "$(TARGET_NAME)";
				SWIFT_VERSION = 5.0;
				TARGETED_DEVICE_FAMILY = "1,2";
				TEST_TARGET_NAME = trafficLightsv2;
			};
			name = Release;
		};
/* End XCBuildConfiguration section */

/* Begin XCConfigurationList section */
		F3A974E81FE1194C00C8E0F9 /* Build configuration list for PBXProject "trafficLightsv2" */ = {
			isa = XCConfigurationList;
			buildConfigurations = (
				F3A975131FE1194C00C8E0F9 /* Debug */,
				F3A975141FE1194C00C8E0F9 /* Release */,
			);
			defaultConfigurationIsVisible = 0;
			defaultConfigurationName = Release;
		};
		F3A975151FE1194D00C8E0F9 /* Build configuration list for PBXNativeTarget "trafficLightsv2" */ = {
			isa = XCConfigurationList;
			buildConfigurations = (
				F3A975161FE1194D00C8E0F9 /* Debug */,
				F3A975171FE1194D00C8E0F9 /* Release */,
			);
			defaultConfigurationIsVisible = 0;
			defaultConfigurationName = Release;
		};
		F3A975181FE1194D00C8E0F9 /* Build configuration list for PBXNativeTarget "trafficLightsv2Tests" */ = {
			isa = XCConfigurationList;
			buildConfigurations = (
				F3A975191FE1194D00C8E0F9 /* Debug */,
				F3A9751A1FE1194D00C8E0F9 /* Release */,
			);
			defaultConfigurationIsVisible = 0;
			defaultConfigurationName = Release;
		};
		F3A9751B1FE1194D00C8E0F9 /* Build configuration list for PBXNativeTarget "trafficLightsv2UITests" */ = {
			isa = XCConfigurationList;
			buildConfigurations = (
				F3A9751C1FE1194D00C8E0F9 /* Debug */,
				F3A9751D1FE1194D00C8E0F9 /* Release */,
			);
			defaultConfigurationIsVisible = 0;
			defaultConfigurationName = Release;
		};
/* End XCConfigurationList section */
	};
	rootObject = F3A974E51FE1194C00C8E0F9 /* Project object */;
}
